
Microsoft Visual Studio Solution File, Format Version 12.00
# Visual Studio Version 17
VisualStudioVersion = 17.2.32408.312
MinimumVisualStudioVersion = 10.0.40219.1
Project("{FAE04EC0-301F-11D3-BF4B-00C04F79EFBC}") = "vebkoSignalRServerChatService", "vebkoSignalRServerChatService\vebkoSignalRServerChatService.csproj", "{1EB4FDCF-47AE-4784-8301-6E965655C568}"
EndProject
Global
	GlobalSection(SolutionConfigurationPlatforms) = preSolution
		Debug|Any CPU = Debug|Any CPU
		Release|Any CPU = Release|Any CPU
	EndGlobalSection
	GlobalSection(ProjectConfigurationPlatforms) = postSolution
		{1EB4FDCF-47AE-4784-8301-6E965655C568}.Debug|Any CPU.ActiveCfg = Debug|Any CPU
		{1EB4FDCF-47AE-4784-8301-6E965655C568}.Debug|Any CPU.Build.0 = Debug|Any CPU
		{1EB4FDCF-47AE-4784-8301-6E965655C568}.Release|Any CPU.ActiveCfg = Release|Any CPU
		{1EB4FDCF-47AE-4784-8301-6E965655C568}.Release|Any CPU.Build.0 = Release|Any CPU
	EndGlobalSection
	GlobalSection(SolutionProperties) = preSolution
		HideSolutionNode = FALSE
	EndGlobalSection
	GlobalSection(ExtensibilityGlobals) = postSolution
		SolutionGuid = {C7D7C234-2FA8-471E-8AAF-2A0A3C9C506A}
	EndGlobalSection
EndGlobal
